
Microsoft Visual Studio Solution File, Format Version 12.00
Project("{FAE04EC0-301F-11D3-BF4B-00C04F79EFBC}") = "TAS", "Source\TAS.csproj", "{FC7FF0C4-8F9F-43B9-963F-5C8B3B8920AF}"
EndProject
Project("{FAE04EC0-301F-11D3-BF4B-00C04F79EFBC}") = "StudioCommunication", "CelesteTAS\StudioCommunication\StudioCommunication.csproj", "{F881AB8F-A0CD-4C18-9B57-7E44AD2E2D31}"
EndProject
Project("{FAE04EC0-301F-11D3-BF4B-00C04F79EFBC}") = "CelesteStudio", "CelesteTAS\Studio\CelesteStudio\CelesteStudio.csproj", "{5565A974-8ADB-4281-B868-EE84431B2A20}"
EndProject
Project("{FAE04EC0-301F-11D3-BF4B-00C04F79EFBC}") = "CelesteStudio.Mac", "CelesteTAS\Studio\CelesteStudio.Mac\CelesteStudio.Mac.csproj", "{9342A8F4-7715-4A58-A01C-0B1ABC9A6F81}"
EndProject
Project("{FAE04EC0-301F-11D3-BF4B-00C04F79EFBC}") = "CelesteStudio.GTK", "CelesteTAS\Studio\CelesteStudio.GTK\CelesteStudio.GTK.csproj", "{1C2BE8C5-9C1C-40B7-82F9-E364BC4F3C24}"
EndProject
Project("{FAE04EC0-301F-11D3-BF4B-00C04F79EFBC}") = "CelesteStudio.WPF", "CelesteTAS\Studio\CelesteStudio.WPF\CelesteStudio.WPF.csproj", "{11DCAE62-C7CF-48B4-B1B9-3C2F82B901A6}"
EndProject
Global
	GlobalSection(SolutionConfigurationPlatforms) = preSolution
		Debug|Any CPU = Debug|Any CPU
		Release|Any CPU = Release|Any CPU
	EndGlobalSection
	GlobalSection(ProjectConfigurationPlatforms) = postSolution
		{FC7FF0C4-8F9F-43B9-963F-5C8B3B8920AF}.Debug|Any CPU.ActiveCfg = Debug|Any CPU
		{FC7FF0C4-8F9F-43B9-963F-5C8B3B8920AF}.Debug|Any CPU.Build.0 = Debug|Any CPU
		{FC7FF0C4-8F9F-43B9-963F-5C8B3B8920AF}.Release|Any CPU.ActiveCfg = Release|Any CPU
		{FC7FF0C4-8F9F-43B9-963F-5C8B3B8920AF}.Release|Any CPU.Build.0 = Release|Any CPU
		{F881AB8F-A0CD-4C18-9B57-7E44AD2E2D31}.Debug|Any CPU.ActiveCfg = Debug|Any CPU
		{F881AB8F-A0CD-4C18-9B57-7E44AD2E2D31}.Debug|Any CPU.Build.0 = Debug|Any CPU
		{F881AB8F-A0CD-4C18-9B57-7E44AD2E2D31}.Release|Any CPU.ActiveCfg = Release|Any CPU
		{F881AB8F-A0CD-4C18-9B57-7E44AD2E2D31}.Release|Any CPU.Build.0 = Release|Any CPU
		{5565A974-8ADB-4281-B868-EE84431B2A20}.Debug|Any CPU.ActiveCfg = Debug|Any CPU
		{5565A974-8ADB-4281-B868-EE84431B2A20}.Debug|Any CPU.Build.0 = Debug|Any CPU
		{5565A974-8ADB-4281-B868-EE84431B2A20}.Release|Any CPU.ActiveCfg = Release|Any CPU
		{5565A974-8ADB-4281-B868-EE84431B2A20}.Release|Any CPU.Build.0 = Release|Any CPU
		{9342A8F4-7715-4A58-A01C-0B1ABC9A6F81}.Debug|Any CPU.ActiveCfg = Debug|Any CPU
		{9342A8F4-7715-4A58-A01C-0B1ABC9A6F81}.Debug|Any CPU.Build.0 = Debug|Any CPU
		{9342A8F4-7715-4A58-A01C-0B1ABC9A6F81}.Release|Any CPU.ActiveCfg = Release|Any CPU
		{9342A8F4-7715-4A58-A01C-0B1ABC9A6F81}.Release|Any CPU.Build.0 = Release|Any CPU
		{1C2BE8C5-9C1C-40B7-82F9-E364BC4F3C24}.Debug|Any CPU.ActiveCfg = Debug|Any CPU
		{1C2BE8C5-9C1C-40B7-82F9-E364BC4F3C24}.Debug|Any CPU.Build.0 = Debug|Any CPU
		{1C2BE8C5-9C1C-40B7-82F9-E364BC4F3C24}.Release|Any CPU.ActiveCfg = Release|Any CPU
		{1C2BE8C5-9C1C-40B7-82F9-E364BC4F3C24}.Release|Any CPU.Build.0 = Release|Any CPU
		{11DCAE62-C7CF-48B4-B1B9-3C2F82B901A6}.Debug|Any CPU.ActiveCfg = Debug|Any CPU
		{11DCAE62-C7CF-48B4-B1B9-3C2F82B901A6}.Debug|Any CPU.Build.0 = Debug|Any CPU
		{11DCAE62-C7CF-48B4-B1B9-3C2F82B901A6}.Release|Any CPU.ActiveCfg = Release|Any CPU
		{11DCAE62-C7CF-48B4-B1B9-3C2F82B901A6}.Release|Any CPU.Build.0 = Release|Any CPU
	EndGlobalSection
EndGlobal
